// !$*UTF8*$!
{
	archiveVersion = 1;
	classes = {
	};
	objectVersion = 50;
	objects = {

/* Begin PBXBuildFile section */
		04DA292102060085DAC78B63 /* Pods_ddp.framework in Frameworks */ = {isa = PBXBuildFile; fileRef = 9299DED5E028D859648116BC /* Pods_ddp.framework */; };
		321C4B60221781FB003AAEFB /* AppDelegate.swift in Sources */ = {isa = PBXBuildFile; fileRef = 321C4B5F221781FB003AAEFB /* AppDelegate.swift */; };
		321C4B62221781FB003AAEFB /* ViewController.swift in Sources */ = {isa = PBXBuildFile; fileRef = 321C4B61221781FB003AAEFB /* ViewController.swift */; };
		321C4B65221781FB003AAEFB /* Main.storyboard in Resources */ = {isa = PBXBuildFile; fileRef = 321C4B63221781FB003AAEFB /* Main.storyboard */; };
		321C4B68221781FB003AAEFB /* ddp.xcdatamodeld in Sources */ = {isa = PBXBuildFile; fileRef = 321C4B66221781FB003AAEFB /* ddp.xcdatamodeld */; };
		321C4B6A221781FE003AAEFB /* Assets.xcassets in Resources */ = {isa = PBXBuildFile; fileRef = 321C4B69221781FE003AAEFB /* Assets.xcassets */; };
		321C4B6D221781FE003AAEFB /* LaunchScreen.storyboard in Resources */ = {isa = PBXBuildFile; fileRef = 321C4B6B221781FE003AAEFB /* LaunchScreen.storyboard */; };
		321C4BF52218649F003AAEFB /* SignupViewController.swift in Sources */ = {isa = PBXBuildFile; fileRef = 321C4BF42218649F003AAEFB /* SignupViewController.swift */; };
		32AF7EEB227A24D00017B19A /* bridge.m in Sources */ = {isa = PBXBuildFile; fileRef = 32AF7EEA227A24D00017B19A /* bridge.m */; };
/* End PBXBuildFile section */

/* Begin PBXFileReference section */
		205D178A2C6373D71683E3FA /* Pods-ddp.debug.xcconfig */ = {isa = PBXFileReference; includeInIndex = 1; lastKnownFileType = text.xcconfig; name = "Pods-ddp.debug.xcconfig"; path = "Pods/Target Support Files/Pods-ddp/Pods-ddp.debug.xcconfig"; sourceTree = "<group>"; };
		321C4B5C221781FB003AAEFB /* ddp.app */ = {isa = PBXFileReference; explicitFileType = wrapper.application; includeInIndex = 0; path = ddp.app; sourceTree = BUILT_PRODUCTS_DIR; };
		321C4B5F221781FB003AAEFB /* AppDelegate.swift */ = {isa = PBXFileReference; lastKnownFileType = sourcecode.swift; path = AppDelegate.swift; sourceTree = "<group>"; };
		321C4B61221781FB003AAEFB /* ViewController.swift */ = {isa = PBXFileReference; lastKnownFileType = sourcecode.swift; path = ViewController.swift; sourceTree = "<group>"; };
		321C4B64221781FB003AAEFB /* Base */ = {isa = PBXFileReference; lastKnownFileType = file.storyboard; name = Base; path = Base.lproj/Main.storyboard; sourceTree = "<group>"; };
		321C4B67221781FB003AAEFB /* ddp.xcdatamodel */ = {isa = PBXFileReference; lastKnownFileType = wrapper.xcdatamodel; path = ddp.xcdatamodel; sourceTree = "<group>"; };
		321C4B69221781FE003AAEFB /* Assets.xcassets */ = {isa = PBXFileReference; lastKnownFileType = folder.assetcatalog; path = Assets.xcassets; sourceTree = "<group>"; };
		321C4B6C221781FE003AAEFB /* Base */ = {isa = PBXFileReference; lastKnownFileType = file.storyboard; name = Base; path = Base.lproj/LaunchScreen.storyboard; sourceTree = "<group>"; };
		321C4B6E221781FE003AAEFB /* Info.plist */ = {isa = PBXFileReference; lastKnownFileType = text.plist.xml; path = Info.plist; sourceTree = "<group>"; };
		321C4BF42218649F003AAEFB /* SignupViewController.swift */ = {isa = PBXFileReference; lastKnownFileType = sourcecode.swift; path = SignupViewController.swift; sourceTree = "<group>"; };
		32AF7EE9227A24C50017B19A /* swiftddp-Bridging-Header.h */ = {isa = PBXFileReference; fileEncoding = 4; lastKnownFileType = sourcecode.c.h; path = "swiftddp-Bridging-Header.h"; sourceTree = "<group>"; };
		32AF7EEA227A24D00017B19A /* bridge.m */ = {isa = PBXFileReference; fileEncoding = 4; lastKnownFileType = sourcecode.c.objc; path = bridge.m; sourceTree = "<group>"; };
		9299DED5E028D859648116BC /* Pods_ddp.framework */ = {isa = PBXFileReference; explicitFileType = wrapper.framework; includeInIndex = 0; path = Pods_ddp.framework; sourceTree = BUILT_PRODUCTS_DIR; };
		A8A28AD23123FCA00928DD3F /* Pods-ddp.release.xcconfig */ = {isa = PBXFileReference; includeInIndex = 1; lastKnownFileType = text.xcconfig; name = "Pods-ddp.release.xcconfig"; path = "Pods/Target Support Files/Pods-ddp/Pods-ddp.release.xcconfig"; sourceTree = "<group>"; };
/* End PBXFileReference section */

/* Begin PBXFrameworksBuildPhase section */
		321C4B59221781FB003AAEFB /* Frameworks */ = {
			isa = PBXFrameworksBuildPhase;
			buildActionMask = 2147483647;
			files = (
				04DA292102060085DAC78B63 /* Pods_ddp.framework in Frameworks */,
			);
			runOnlyForDeploymentPostprocessing = 0;
		};
/* End PBXFrameworksBuildPhase section */

/* Begin PBXGroup section */
		321C4B53221781FB003AAEFB = {
			isa = PBXGroup;
			children = (
				32AF7EEA227A24D00017B19A /* bridge.m */,
				32AF7EE9227A24C50017B19A /* swiftddp-Bridging-Header.h */,
				321C4B5E221781FB003AAEFB /* ddp */,
				321C4B5D221781FB003AAEFB /* Products */,
				DA84AC961AB4ABEDE5521EFE /* Pods */,
				C1B0B6AFBF69454C05CF0F57 /* Frameworks */,
			);
			sourceTree = "<group>";
		};
		321C4B5D221781FB003AAEFB /* Products */ = {
			isa = PBXGroup;
			children = (
				321C4B5C221781FB003AAEFB /* ddp.app */,
			);
			name = Products;
			sourceTree = "<group>";
		};
		321C4B5E221781FB003AAEFB /* ddp */ = {
			isa = PBXGroup;
			children = (
				321C4B5F221781FB003AAEFB /* AppDelegate.swift */,
				321C4B61221781FB003AAEFB /* ViewController.swift */,
				321C4B63221781FB003AAEFB /* Main.storyboard */,
				321C4B69221781FE003AAEFB /* Assets.xcassets */,
				321C4B6B221781FE003AAEFB /* LaunchScreen.storyboard */,
				321C4B6E221781FE003AAEFB /* Info.plist */,
				321C4B66221781FB003AAEFB /* ddp.xcdatamodeld */,
				321C4BF42218649F003AAEFB /* SignupViewController.swift */,
			);
			path = ddp;
			sourceTree = "<group>";
		};
		C1B0B6AFBF69454C05CF0F57 /* Frameworks */ = {
			isa = PBXGroup;
			children = (
				9299DED5E028D859648116BC /* Pods_ddp.framework */,
			);
			name = Frameworks;
			sourceTree = "<group>";
		};
		DA84AC961AB4ABEDE5521EFE /* Pods */ = {
			isa = PBXGroup;
			children = (
				205D178A2C6373D71683E3FA /* Pods-ddp.debug.xcconfig */,
				A8A28AD23123FCA00928DD3F /* Pods-ddp.release.xcconfig */,
			);
			name = Pods;
			sourceTree = "<group>";
		};
/* End PBXGroup section */

/* Begin PBXNativeTarget section */
		321C4B5B221781FB003AAEFB /* ddp */ = {
			isa = PBXNativeTarget;
			buildConfigurationList = 321C4B71221781FE003AAEFB /* Build configuration list for PBXNativeTarget "ddp" */;
			buildPhases = (
				9297668CCA7E51A1E9C3FC31 /* [CP] Check Pods Manifest.lock */,
				321C4B58221781FB003AAEFB /* Sources */,
				321C4B59221781FB003AAEFB /* Frameworks */,
				321C4B5A221781FB003AAEFB /* Resources */,
				1D97322921265050AF0261FE /* [CP] Embed Pods Frameworks */,
			);
			buildRules = (
			);
			dependencies = (
			);
			name = ddp;
			productName = ddp;
			productReference = 321C4B5C221781FB003AAEFB /* ddp.app */;
			productType = "com.apple.product-type.application";
		};
/* End PBXNativeTarget section */

/* Begin PBXProject section */
		321C4B54221781FB003AAEFB /* Project object */ = {
			isa = PBXProject;
			attributes = {
				LastSwiftUpdateCheck = 0930;
				LastUpgradeCheck = 0930;
				ORGANIZATIONNAME = "Zyad Galal";
				TargetAttributes = {
					321C4B5B221781FB003AAEFB = {
						CreatedOnToolsVersion = 9.3;
						LastSwiftMigration = 0930;
					};
				};
			};
			buildConfigurationList = 321C4B57221781FB003AAEFB /* Build configuration list for PBXProject "ddp" */;
			compatibilityVersion = "Xcode 9.3";
			developmentRegion = en;
			hasScannedForEncodings = 0;
			knownRegions = (
				en,
				Base,
			);
			mainGroup = 321C4B53221781FB003AAEFB;
			productRefGroup = 321C4B5D221781FB003AAEFB /* Products */;
			projectDirPath = "";
			projectRoot = "";
			targets = (
				321C4B5B221781FB003AAEFB /* ddp */,
			);
		};
/* End PBXProject section */

/* Begin PBXResourcesBuildPhase section */
		321C4B5A221781FB003AAEFB /* Resources */ = {
			isa = PBXResourcesBuildPhase;
			buildActionMask = 2147483647;
			files = (
				321C4B6D221781FE003AAEFB /* LaunchScreen.storyboard in Resources */,
				321C4B6A221781FE003AAEFB /* Assets.xcassets in Resources */,
				321C4B65221781FB003AAEFB /* Main.storyboard in Resources */,
			);
			runOnlyForDeploymentPostprocessing = 0;
		};
/* End PBXResourcesBuildPhase section */

/* Begin PBXShellScriptBuildPhase section */
		1D97322921265050AF0261FE /* [CP] Embed Pods Frameworks */ = {
			isa = PBXShellScriptBuildPhase;
			buildActionMask = 2147483647;
			files = (
			);
			inputPaths = (
				"${SRCROOT}/Pods/Target Support Files/Pods-ddp/Pods-ddp-frameworks.sh",
				"${BUILT_PRODUCTS_DIR}/M13OrderedDictionary/M13OrderedDictionary.framework",
				"${BUILT_PRODUCTS_DIR}/ObjectiveDDP/ObjectiveDDP.framework",
				"${BUILT_PRODUCTS_DIR}/SocketRocket/SocketRocket.framework",
			);
			name = "[CP] Embed Pods Frameworks";
			outputPaths = (
				"${TARGET_BUILD_DIR}/${FRAMEWORKS_FOLDER_PATH}/M13OrderedDictionary.framework",
				"${TARGET_BUILD_DIR}/${FRAMEWORKS_FOLDER_PATH}/ObjectiveDDP.framework",
				"${TARGET_BUILD_DIR}/${FRAMEWORKS_FOLDER_PATH}/SocketRocket.framework",
			);
			runOnlyForDeploymentPostprocessing = 0;
			shellPath = /bin/sh;
			shellScript = "\"${SRCROOT}/Pods/Target Support Files/Pods-ddp/Pods-ddp-frameworks.sh\"\n";
			showEnvVarsInLog = 0;
		};
		9297668CCA7E51A1E9C3FC31 /* [CP] Check Pods Manifest.lock */ = {
			isa = PBXShellScriptBuildPhase;
			buildActionMask = 2147483647;
			files = (
			);
			inputPaths = (
				"${PODS_PODFILE_DIR_PATH}/Podfile.lock",
				"${PODS_ROOT}/Manifest.lock",
			);
			name = "[CP] Check Pods Manifest.lock";
			outputPaths = (
				"$(DERIVED_FILE_DIR)/Pods-ddp-checkManifestLockResult.txt",
			);
			runOnlyForDeploymentPostprocessing = 0;
			shellPath = /bin/sh;
			shellScript = "diff \"${PODS_PODFILE_DIR_PATH}/Podfile.lock\" \"${PODS_ROOT}/Manifest.lock\" > /dev/null\nif [ $? != 0 ] ; then\n    # print error to STDERR\n    echo \"error: The sandbox is not in sync with the Podfile.lock. Run 'pod install' or update your CocoaPods installation.\" >&2\n    exit 1\nfi\n# This output is used by Xcode 'outputs' to avoid re-running this script phase.\necho \"SUCCESS\" > \"${SCRIPT_OUTPUT_FILE_0}\"\n";
			showEnvVarsInLog = 0;
		};
/* End PBXShellScriptBuildPhase section */

/* Begin PBXSourcesBuildPhase section */
		321C4B58221781FB003AAEFB /* Sources */ = {
			isa = PBXSourcesBuildPhase;
			buildActionMask = 2147483647;
			files = (
				321C4B68221781FB003AAEFB /* ddp.xcdatamodeld in Sources */,
				32AF7EEB227A24D00017B19A /* bridge.m in Sources */,
				321C4BF52218649F003AAEFB /* SignupViewController.swift in Sources */,
				321C4B62221781FB003AAEFB /* ViewController.swift in Sources */,
				321C4B60221781FB003AAEFB /* AppDelegate.swift in Sources */,
			);
			runOnlyForDeploymentPostprocessing = 0;
		};
/* End PBXSourcesBuildPhase section */

/* Begin PBXVariantGroup section */
		321C4B63221781FB003AAEFB /* Main.storyboard */ = {
			isa = PBXVariantGroup;
			children = (
				321C4B64221781FB003AAEFB /* Base */,
			);
			name = Main.storyboard;
			sourceTree = "<group>";
		};
		321C4B6B221781FE003AAEFB /* LaunchScreen.storyboard */ = {
			isa = PBXVariantGroup;
			children = (
				321C4B6C221781FE003AAEFB /* Base */,
			);
			name = LaunchScreen.storyboard;
			sourceTree = "<group>";
		};
/* End PBXVariantGroup section */

/* Begin XCBuildConfiguration section */
		321C4B6F221781FE003AAEFB /* Debug */ = {
			isa = XCBuildConfiguration;
			buildSettings = {
				ALWAYS_SEARCH_USER_PATHS = NO;
				CLANG_ANALYZER_NONNULL = YES;
				CLANG_ANALYZER_NUMBER_OBJECT_CONVERSION = YES_AGGRESSIVE;
				CLANG_CXX_LANGUAGE_STANDARD = "gnu++14";
				CLANG_CXX_LIBRARY = "libc++";
				CLANG_ENABLE_MODULES = YES;
				CLANG_ENABLE_OBJC_ARC = YES;
				CLANG_ENABLE_OBJC_WEAK = YES;
				CLANG_WARN_BLOCK_CAPTURE_AUTORELEASING = YES;
				CLANG_WARN_BOOL_CONVERSION = YES;
				CLANG_WARN_COMMA = YES;
				CLANG_WARN_CONSTANT_CONVERSION = YES;
				CLANG_WARN_DEPRECATED_OBJC_IMPLEMENTATIONS = YES;
				CLANG_WARN_DIRECT_OBJC_ISA_USAGE = YES_ERROR;
				CLANG_WARN_DOCUMENTATION_COMMENTS = YES;
				CLANG_WARN_EMPTY_BODY = YES;
				CLANG_WARN_ENUM_CONVERSION = YES;
				CLANG_WARN_INFINITE_RECURSION = YES;
				CLANG_WARN_INT_CONVERSION = YES;
				CLANG_WARN_NON_LITERAL_NULL_CONVERSION = YES;
				CLANG_WARN_OBJC_IMPLICIT_RETAIN_SELF = YES;
				CLANG_WARN_OBJC_LITERAL_CONVERSION = YES;
				CLANG_WARN_OBJC_ROOT_CLASS = YES_ERROR;
				CLANG_WARN_RANGE_LOOP_ANALYSIS = YES;
				CLANG_WARN_STRICT_PROTOTYPES = YES;
				CLANG_WARN_SUSPICIOUS_MOVE = YES;
				CLANG_WARN_UNGUARDED_AVAILABILITY = YES_AGGRESSIVE;
				CLANG_WARN_UNREACHABLE_CODE = YES;
				CLANG_WARN__DUPLICATE_METHOD_MATCH = YES;
				CODE_SIGN_IDENTITY = "iPhone Developer";
				COPY_PHASE_STRIP = NO;
				DEBUG_INFORMATION_FORMAT = dwarf;
				ENABLE_STRICT_OBJC_MSGSEND = YES;
				ENABLE_TESTABILITY = YES;
				GCC_C_LANGUAGE_STANDARD = gnu11;
				GCC_DYNAMIC_NO_PIC = NO;
				GCC_NO_COMMON_BLOCKS = YES;
				GCC_OPTIMIZATION_LEVEL = 0;
				GCC_PREPROCESSOR_DEFINITIONS = (
					"DEBUG=1",
					"$(inherited)",
				);
				GCC_WARN_64_TO_32_BIT_CONVERSION = YES;
				GCC_WARN_ABOUT_RETURN_TYPE = YES_ERROR;
				GCC_WARN_UNDECLARED_SELECTOR = YES;
				GCC_WARN_UNINITIALIZED_AUTOS = YES_AGGRESSIVE;
				GCC_WARN_UNUSED_FUNCTION = YES;
				GCC_WARN_UNUSED_VARIABLE = YES;
				IPHONEOS_DEPLOYMENT_TARGET = 11.3;
				MTL_ENABLE_DEBUG_INFO = YES;
				ONLY_ACTIVE_ARCH = YES;
				SDKROOT = iphoneos;
				SWIFT_ACTIVE_COMPILATION_CONDITIONS = DEBUG;
				SWIFT_OPTIMIZATION_LEVEL = "-Onone";
			};
			name = Debug;
		};
		321C4B70221781FE003AAEFB /* Release */ = {
			isa = XCBuildConfiguration;
			buildSettings = {
				ALWAYS_SEARCH_USER_PATHS = NO;
				CLANG_ANALYZER_NONNULL = YES;
				CLANG_ANALYZER_NUMBER_OBJECT_CONVERSION = YES_AGGRESSIVE;
				CLANG_CXX_LANGUAGE_STANDARD = "gnu++14";
				CLANG_CXX_LIBRARY = "libc++";
				CLANG_ENABLE_MODULES = YES;
				CLANG_ENABLE_OBJC_ARC = YES;
				CLANG_ENABLE_OBJC_WEAK = YES;
				CLANG_WARN_BLOCK_CAPTURE_AUTORELEASING = YES;
				CLANG_WARN_BOOL_CONVERSION = YES;
				CLANG_WARN_COMMA = YES;
				CLANG_WARN_CONSTANT_CONVERSION = YES;
				CLANG_WARN_DEPRECATED_OBJC_IMPLEMENTATIONS = YES;
				CLANG_WARN_DIRECT_OBJC_ISA_USAGE = YES_ERROR;
				CLANG_WARN_DOCUMENTATION_COMMENTS = YES;
				CLANG_WARN_EMPTY_BODY = YES;
				CLANG_WARN_ENUM_CONVERSION = YES;
				CLANG_WARN_INFINITE_RECURSION = YES;
				CLANG_WARN_INT_CONVERSION = YES;
				CLANG_WARN_NON_LITERAL_NULL_CONVERSION = YES;
				CLANG_WARN_OBJC_IMPLICIT_RETAIN_SELF = YES;
				CLANG_WARN_OBJC_LITERAL_CONVERSION = YES;
				CLANG_WARN_OBJC_ROOT_CLASS = YES_ERROR;
				CLANG_WARN_RANGE_LOOP_ANALYSIS = YES;
				CLANG_WARN_STRICT_PROTOTYPES = YES;
				CLANG_WARN_SUSPICIOUS_MOVE = YES;
				CLANG_WARN_UNGUARDED_AVAILABILITY = YES_AGGRESSIVE;
				CLANG_WARN_UNREACHABLE_CODE = YES;
				CLANG_WARN__DUPLICATE_METHOD_MATCH = YES;
				CODE_SIGN_IDENTITY = "iPhone Developer";
				COPY_PHASE_STRIP = NO;
				DEBUG_INFORMATION_FORMAT = "dwarf-with-dsym";
				ENABLE_NS_ASSERTIONS = NO;
				ENABLE_STRICT_OBJC_MSGSEND = YES;
				GCC_C_LANGUAGE_STANDARD = gnu11;
				GCC_NO_COMMON_BLOCKS = YES;
				GCC_WARN_64_TO_32_BIT_CONVERSION = YES;
				GCC_WARN_ABOUT_RETURN_TYPE = YES_ERROR;
				GCC_WARN_UNDECLARED_SELECTOR = YES;
				GCC_WARN_UNINITIALIZED_AUTOS = YES_AGGRESSIVE;
				GCC_WARN_UNUSED_FUNCTION = YES;
				GCC_WARN_UNUSED_VARIABLE = YES;
				IPHONEOS_DEPLOYMENT_TARGET = 11.3;
				MTL_ENABLE_DEBUG_INFO = NO;
				SDKROOT = iphoneos;
				SWIFT_COMPILATION_MODE = wholemodule;
				SWIFT_OPTIMIZATION_LEVEL = "-O";
				VALIDATE_PRODUCT = YES;
			};
			name = Release;
		};
		321C4B72221781FE003AAEFB /* Debug */ = {
			isa = XCBuildConfiguration;
			baseConfigurationReference = 205D178A2C6373D71683E3FA /* Pods-ddp.debug.xcconfig */;
			buildSettings = {
				ASSETCATALOG_COMPILER_APPICON_NAME = AppIcon;
				CLANG_ENABLE_MODULES = YES;
				CODE_SIGN_STYLE = Automatic;
				DEVELOPMENT_TEAM = MLXYZ7TJ5Q;
				INFOPLIST_FILE = ddp/Info.plist;
				LD_RUNPATH_SEARCH_PATHS = (
					"$(inherited)",
					"@executable_path/Frameworks",
				);
				PRODUCT_BUNDLE_IDENTIFIER = com.zyadgalal.ddp;
				PRODUCT_NAME = "$(TARGET_NAME)";
				SWIFT_OBJC_BRIDGING_HEADER = "ddp-Bridging-Header.h";
				SWIFT_OPTIMIZATION_LEVEL = "-Onone";
				SWIFT_VERSION = 4.0;
				TARGETED_DEVICE_FAMILY = "1,2";
			};
			name = Debug;
		};
		321C4B73221781FE003AAEFB /* Release */ = {
			isa = XCBuildConfiguration;
			baseConfigurationReference = A8A28AD23123FCA00928DD3F /* Pods-ddp.release.xcconfig */;
			buildSettings = {
				ASSETCATALOG_COMPILER_APPICON_NAME = AppIcon;
				CLANG_ENABLE_MODULES = YES;
				CODE_SIGN_STYLE = Automatic;
				DEVELOPMENT_TEAM = MLXYZ7TJ5Q;
				INFOPLIST_FILE = ddp/Info.plist;
				LD_RUNPATH_SEARCH_PATHS = (
					"$(inherited)",
					"@executable_path/Frameworks",
				);
				PRODUCT_BUNDLE_IDENTIFIER = com.zyadgalal.ddp;
				PRODUCT_NAME = "$(TARGET_NAME)";
				SWIFT_OBJC_BRIDGING_HEADER = "ddp-Bridging-Header.h";
				SWIFT_VERSION = 4.0;
				TARGETED_DEVICE_FAMILY = "1,2";
			};
			name = Release;
		};
/* End XCBuildConfiguration section */

/* Begin XCConfigurationList section */
		321C4B57221781FB003AAEFB /* Build configuration list for PBXProject "ddp" */ = {
			isa = XCConfigurationList;
			buildConfigurations = (
				321C4B6F221781FE003AAEFB /* Debug */,
				321C4B70221781FE003AAEFB /* Release */,
			);
			defaultConfigurationIsVisible = 0;
			defaultConfigurationName = Release;
		};
		321C4B71221781FE003AAEFB /* Build configuration list for PBXNativeTarget "ddp" */ = {
			isa = XCConfigurationList;
			buildConfigurations = (
				321C4B72221781FE003AAEFB /* Debug */,
				321C4B73221781FE003AAEFB /* Release */,
			);
			defaultConfigurationIsVisible = 0;
			defaultConfigurationName = Release;
		};
/* End XCConfigurationList section */

/* Begin XCVersionGroup section */
		321C4B66221781FB003AAEFB /* ddp.xcdatamodeld */ = {
			isa = XCVersionGroup;
			children = (
				321C4B67221781FB003AAEFB /* ddp.xcdatamodel */,
			);
			currentVersion = 321C4B67221781FB003AAEFB /* ddp.xcdatamodel */;
			path = ddp.xcdatamodeld;
			sourceTree = "<group>";
			versionGroupType = wrapper.xcdatamodel;
		};
/* End XCVersionGroup section */
	};
	rootObject = 321C4B54221781FB003AAEFB /* Project object */;
}
